// !$*UTF8*$!
{
	archiveVersion = 1;
	classes = {
	};
	objectVersion = 46;
	objects = {

/* Begin PBXBuildFile section */
		4E21EDCE00254B9EA7AE7D38 /* libPods.a in Frameworks */ = {isa = PBXBuildFile; fileRef = 40FCD5D8F7DD4243AC1A2E48 /* libPods.a */; };
		DA01E175184A1CC5008B139F /* BWFavoriteView.m in Sources */ = {isa = PBXBuildFile; fileRef = DA01E174184A1CC5008B139F /* BWFavoriteView.m */; };
		DA01E178184A3516008B139F /* BWVideoTableViewCell.m in Sources */ = {isa = PBXBuildFile; fileRef = DA01E177184A3516008B139F /* BWVideoTableViewCell.m */; };
		DA01E17B184A5E59008B139F /* BWFavoritesViewController.m in Sources */ = {isa = PBXBuildFile; fileRef = DA01E17A184A5E59008B139F /* BWFavoritesViewController.m */; };
		DA01E182184A71CC008B139F /* BWAboutViewController.m in Sources */ = {isa = PBXBuildFile; fileRef = DA01E17D184A71CC008B139F /* BWAboutViewController.m */; };
		DA01E183184A71CC008B139F /* BWLinkAccountViewController.m in Sources */ = {isa = PBXBuildFile; fileRef = DA01E17F184A71CC008B139F /* BWLinkAccountViewController.m */; };
		DA01E184184A71CC008B139F /* BWSettingsViewController.m in Sources */ = {isa = PBXBuildFile; fileRef = DA01E181184A71CC008B139F /* BWSettingsViewController.m */; };
		DA01E187184A71D7008B139F /* BWTableViewController.m in Sources */ = {isa = PBXBuildFile; fileRef = DA01E186184A71D7008B139F /* BWTableViewController.m */; };
		DA01E18A184A71E3008B139F /* BWCategoriesViewController.m in Sources */ = {isa = PBXBuildFile; fileRef = DA01E189184A71E3008B139F /* BWCategoriesViewController.m */; };
		DA01E18D184A71EB008B139F /* BWVideoDetailViewController.m in Sources */ = {isa = PBXBuildFile; fileRef = DA01E18C184A71EB008B139F /* BWVideoDetailViewController.m */; };
		DA01E191184AB9AA008B139F /* BWPushNotificationClient.m in Sources */ = {isa = PBXBuildFile; fileRef = DA01E190184AB9AA008B139F /* BWPushNotificationClient.m */; };
		DA01E197184BA03A008B139F /* BWGenericTableViewCell.m in Sources */ = {isa = PBXBuildFile; fileRef = DA01E196184BA03A008B139F /* BWGenericTableViewCell.m */; };
		DA0A718718490BC4004750F1 /* BWImagePulldownView.m in Sources */ = {isa = PBXBuildFile; fileRef = DA0A718618490BC4004750F1 /* BWImagePulldownView.m */; };
		DA0A718D184919FC004750F1 /* BWListViewController.m in Sources */ = {isa = PBXBuildFile; fileRef = DA0A718C184919FC004750F1 /* BWListViewController.m */; };
		DA0A7191184930BD004750F1 /* BWListController.m in Sources */ = {isa = PBXBuildFile; fileRef = DA0A7190184930BD004750F1 /* BWListController.m */; };
		DA0A719518494688004750F1 /* BWVideoFetcher.m in Sources */ = {isa = PBXBuildFile; fileRef = DA0A719418494688004750F1 /* BWVideoFetcher.m */; };
		DA0A71A218497CDF004750F1 /* BWVideo.m in Sources */ = {isa = PBXBuildFile; fileRef = DA0A71A118497CDF004750F1 /* BWVideo.m */; };
		DA39B4B417D6A56000E7935D /* BWOpenOnGBActivity.m in Sources */ = {isa = PBXBuildFile; fileRef = DA39B4B317D6A56000E7935D /* BWOpenOnGBActivity.m */; };
		DA4127F417CE28D3003C4F59 /* Security.framework in Frameworks */ = {isa = PBXBuildFile; fileRef = DA4127F317CE28D3003C4F59 /* Security.framework */; };
		DA4127FA17CE30BE003C4F59 /* PocketAPIActivity.m in Sources */ = {isa = PBXBuildFile; fileRef = DA4127F917CE30BE003C4F59 /* PocketAPIActivity.m */; };
		DA41280617CE38C5003C4F59 /* Images.xcassets in Resources */ = {isa = PBXBuildFile; fileRef = DA41280517CE38C5003C4F59 /* Images.xcassets */; };
		DA68EBDA17D0305300451F14 /* EVCircularProgressView.m in Sources */ = {isa = PBXBuildFile; fileRef = DA68EBD917D0305300451F14 /* EVCircularProgressView.m */; };
		DA852999184908C40049C752 /* NSString+Extensions.m in Sources */ = {isa = PBXBuildFile; fileRef = DA852996184908C40049C752 /* NSString+Extensions.m */; };
		DA85299A184908C40049C752 /* UIImage+ImageEffects.m in Sources */ = {isa = PBXBuildFile; fileRef = DA852998184908C40049C752 /* UIImage+ImageEffects.m */; };
		DA88AE7D184C061000D6E823 /* BWVideoDataStore.m in Sources */ = {isa = PBXBuildFile; fileRef = DA88AE7C184C061000D6E823 /* BWVideoDataStore.m */; };
		DA88AE81184D533F00D6E823 /* BWColors.m in Sources */ = {isa = PBXBuildFile; fileRef = DA88AE80184D533F00D6E823 /* BWColors.m */; };
		DA88AE84184D7D6400D6E823 /* BWDownloadsViewController.m in Sources */ = {isa = PBXBuildFile; fileRef = DA88AE83184D7D6400D6E823 /* BWDownloadsViewController.m */; };
		DA88AE87184D7E8600D6E823 /* BWDownload.m in Sources */ = {isa = PBXBuildFile; fileRef = DA88AE86184D7E8600D6E823 /* BWDownload.m */; };
		DA88AE8A184D821F00D6E823 /* BWVideoDownloader.m in Sources */ = {isa = PBXBuildFile; fileRef = DA88AE89184D821F00D6E823 /* BWVideoDownloader.m */; };
		DA88AE90184E113B00D6E823 /* BWDownloadDataStore.m in Sources */ = {isa = PBXBuildFile; fileRef = DA88AE8F184E113B00D6E823 /* BWDownloadDataStore.m */; };
		DAAFC2B117DB8B1B0095E494 /* BWVideoPlayerViewController.m in Sources */ = {isa = PBXBuildFile; fileRef = DAAFC2B017DB8B1B0095E494 /* BWVideoPlayerViewController.m */; };
		DAAFF7591850184D003922EF /* BWSettings.m in Sources */ = {isa = PBXBuildFile; fileRef = DAAFF7581850184D003922EF /* BWSettings.m */; };
		DACE826517CD035700E23051 /* Foundation.framework in Frameworks */ = {isa = PBXBuildFile; fileRef = DACE826417CD035700E23051 /* Foundation.framework */; };
		DACE826717CD035700E23051 /* CoreGraphics.framework in Frameworks */ = {isa = PBXBuildFile; fileRef = DACE826617CD035700E23051 /* CoreGraphics.framework */; };
		DACE826917CD035700E23051 /* UIKit.framework in Frameworks */ = {isa = PBXBuildFile; fileRef = DACE826817CD035700E23051 /* UIKit.framework */; };
		DACE826F17CD035800E23051 /* InfoPlist.strings in Resources */ = {isa = PBXBuildFile; fileRef = DACE826D17CD035800E23051 /* InfoPlist.strings */; };
		DACE827117CD035800E23051 /* main.m in Sources */ = {isa = PBXBuildFile; fileRef = DACE827017CD035800E23051 /* main.m */; };
		DACE827517CD035800E23051 /* BWAppDelegate.m in Sources */ = {isa = PBXBuildFile; fileRef = DACE827417CD035800E23051 /* BWAppDelegate.m */; };
		DACE827817CD035800E23051 /* Main_iPhone.storyboard in Resources */ = {isa = PBXBuildFile; fileRef = DACE827617CD035800E23051 /* Main_iPhone.storyboard */; };
		DACE828A17CD035800E23051 /* XCTest.framework in Frameworks */ = {isa = PBXBuildFile; fileRef = DACE828917CD035800E23051 /* XCTest.framework */; };
		DACE828B17CD035800E23051 /* Foundation.framework in Frameworks */ = {isa = PBXBuildFile; fileRef = DACE826417CD035700E23051 /* Foundation.framework */; };
		DACE828C17CD035800E23051 /* UIKit.framework in Frameworks */ = {isa = PBXBuildFile; fileRef = DACE826817CD035700E23051 /* UIKit.framework */; };
		DACE829417CD035800E23051 /* InfoPlist.strings in Resources */ = {isa = PBXBuildFile; fileRef = DACE829217CD035800E23051 /* InfoPlist.strings */; };
		DACE829617CD035800E23051 /* Bomb_WatchTests.m in Sources */ = {isa = PBXBuildFile; fileRef = DACE829517CD035800E23051 /* Bomb_WatchTests.m */; };
		DACE82A517CD052300E23051 /* GiantBombAPIClient.m in Sources */ = {isa = PBXBuildFile; fileRef = DACE82A317CD052300E23051 /* GiantBombAPIClient.m */; };
/* End PBXBuildFile section */

/* Begin PBXContainerItemProxy section */
		DACE828D17CD035800E23051 /* PBXContainerItemProxy */ = {
			isa = PBXContainerItemProxy;
			containerPortal = DACE825917CD035700E23051 /* Project object */;
			proxyType = 1;
			remoteGlobalIDString = DACE826017CD035700E23051;
			remoteInfo = "Bomb Watch";
		};
/* End PBXContainerItemProxy section */

/* Begin PBXFileReference section */
		40FCD5D8F7DD4243AC1A2E48 /* libPods.a */ = {isa = PBXFileReference; explicitFileType = archive.ar; includeInIndex = 0; path = libPods.a; sourceTree = BUILT_PRODUCTS_DIR; };
		4D03B65A058C4AD9BB095CF3 /* Pods.xcconfig */ = {isa = PBXFileReference; includeInIndex = 1; lastKnownFileType = text.xcconfig; name = Pods.xcconfig; path = Pods/Pods.xcconfig; sourceTree = SOURCE_ROOT; };
		DA01E173184A1CC5008B139F /* BWFavoriteView.h */ = {isa = PBXFileReference; fileEncoding = 4; lastKnownFileType = sourcecode.c.h; path = BWFavoriteView.h; sourceTree = "<group>"; };
		DA01E174184A1CC5008B139F /* BWFavoriteView.m */ = {isa = PBXFileReference; fileEncoding = 4; lastKnownFileType = sourcecode.c.objc; path = BWFavoriteView.m; sourceTree = "<group>"; };
		DA01E176184A3516008B139F /* BWVideoTableViewCell.h */ = {isa = PBXFileReference; fileEncoding = 4; lastKnownFileType = sourcecode.c.h; path = BWVideoTableViewCell.h; sourceTree = "<group>"; };
		DA01E177184A3516008B139F /* BWVideoTableViewCell.m */ = {isa = PBXFileReference; fileEncoding = 4; lastKnownFileType = sourcecode.c.objc; path = BWVideoTableViewCell.m; sourceTree = "<group>"; };
		DA01E179184A5E59008B139F /* BWFavoritesViewController.h */ = {isa = PBXFileReference; fileEncoding = 4; lastKnownFileType = sourcecode.c.h; path = BWFavoritesViewController.h; sourceTree = "<group>"; };
		DA01E17A184A5E59008B139F /* BWFavoritesViewController.m */ = {isa = PBXFileReference; fileEncoding = 4; lastKnownFileType = sourcecode.c.objc; path = BWFavoritesViewController.m; sourceTree = "<group>"; };
		DA01E17C184A71CC008B139F /* BWAboutViewController.h */ = {isa = PBXFileReference; fileEncoding = 4; lastKnownFileType = sourcecode.c.h; path = BWAboutViewController.h; sourceTree = "<group>"; };
		DA01E17D184A71CC008B139F /* BWAboutViewController.m */ = {isa = PBXFileReference; fileEncoding = 4; lastKnownFileType = sourcecode.c.objc; path = BWAboutViewController.m; sourceTree = "<group>"; };
		DA01E17E184A71CC008B139F /* BWLinkAccountViewController.h */ = {isa = PBXFileReference; fileEncoding = 4; lastKnownFileType = sourcecode.c.h; path = BWLinkAccountViewController.h; sourceTree = "<group>"; };
		DA01E17F184A71CC008B139F /* BWLinkAccountViewController.m */ = {isa = PBXFileReference; fileEncoding = 4; lastKnownFileType = sourcecode.c.objc; path = BWLinkAccountViewController.m; sourceTree = "<group>"; };
		DA01E180184A71CC008B139F /* BWSettingsViewController.h */ = {isa = PBXFileReference; fileEncoding = 4; lastKnownFileType = sourcecode.c.h; path = BWSettingsViewController.h; sourceTree = "<group>"; };
		DA01E181184A71CC008B139F /* BWSettingsViewController.m */ = {isa = PBXFileReference; fileEncoding = 4; lastKnownFileType = sourcecode.c.objc; path = BWSettingsViewController.m; sourceTree = "<group>"; };
		DA01E185184A71D7008B139F /* BWTableViewController.h */ = {isa = PBXFileReference; fileEncoding = 4; lastKnownFileType = sourcecode.c.h; path = BWTableViewController.h; sourceTree = "<group>"; };
		DA01E186184A71D7008B139F /* BWTableViewController.m */ = {isa = PBXFileReference; fileEncoding = 4; lastKnownFileType = sourcecode.c.objc; path = BWTableViewController.m; sourceTree = "<group>"; };
		DA01E188184A71E3008B139F /* BWCategoriesViewController.h */ = {isa = PBXFileReference; fileEncoding = 4; lastKnownFileType = sourcecode.c.h; path = BWCategoriesViewController.h; sourceTree = "<group>"; };
		DA01E189184A71E3008B139F /* BWCategoriesViewController.m */ = {isa = PBXFileReference; fileEncoding = 4; lastKnownFileType = sourcecode.c.objc; path = BWCategoriesViewController.m; sourceTree = "<group>"; };
		DA01E18B184A71EB008B139F /* BWVideoDetailViewController.h */ = {isa = PBXFileReference; fileEncoding = 4; lastKnownFileType = sourcecode.c.h; path = BWVideoDetailViewController.h; sourceTree = "<group>"; };
		DA01E18C184A71EB008B139F /* BWVideoDetailViewController.m */ = {isa = PBXFileReference; fileEncoding = 4; lastKnownFileType = sourcecode.c.objc; path = BWVideoDetailViewController.m; sourceTree = "<group>"; };
		DA01E18F184AB9AA008B139F /* BWPushNotificationClient.h */ = {isa = PBXFileReference; fileEncoding = 4; lastKnownFileType = sourcecode.c.h; path = BWPushNotificationClient.h; sourceTree = "<group>"; };
		DA01E190184AB9AA008B139F /* BWPushNotificationClient.m */ = {isa = PBXFileReference; fileEncoding = 4; lastKnownFileType = sourcecode.c.objc; path = BWPushNotificationClient.m; sourceTree = "<group>"; };
		DA01E195184BA03A008B139F /* BWGenericTableViewCell.h */ = {isa = PBXFileReference; fileEncoding = 4; lastKnownFileType = sourcecode.c.h; path = BWGenericTableViewCell.h; sourceTree = "<group>"; };
		DA01E196184BA03A008B139F /* BWGenericTableViewCell.m */ = {isa = PBXFileReference; fileEncoding = 4; lastKnownFileType = sourcecode.c.objc; path = BWGenericTableViewCell.m; sourceTree = "<group>"; };
		DA0A718518490BC4004750F1 /* BWImagePulldownView.h */ = {isa = PBXFileReference; fileEncoding = 4; lastKnownFileType = sourcecode.c.h; path = BWImagePulldownView.h; sourceTree = "<group>"; };
		DA0A718618490BC4004750F1 /* BWImagePulldownView.m */ = {isa = PBXFileReference; fileEncoding = 4; lastKnownFileType = sourcecode.c.objc; path = BWImagePulldownView.m; sourceTree = "<group>"; };
		DA0A718B184919FC004750F1 /* BWListViewController.h */ = {isa = PBXFileReference; fileEncoding = 4; lastKnownFileType = sourcecode.c.h; path = BWListViewController.h; sourceTree = "<group>"; };
		DA0A718C184919FC004750F1 /* BWListViewController.m */ = {isa = PBXFileReference; fileEncoding = 4; lastKnownFileType = sourcecode.c.objc; path = BWListViewController.m; sourceTree = "<group>"; };
		DA0A718F184930BD004750F1 /* BWListController.h */ = {isa = PBXFileReference; fileEncoding = 4; lastKnownFileType = sourcecode.c.h; path = BWListController.h; sourceTree = "<group>"; };
		DA0A7190184930BD004750F1 /* BWListController.m */ = {isa = PBXFileReference; fileEncoding = 4; lastKnownFileType = sourcecode.c.objc; path = BWListController.m; sourceTree = "<group>"; };
		DA0A719318494688004750F1 /* BWVideoFetcher.h */ = {isa = PBXFileReference; fileEncoding = 4; lastKnownFileType = sourcecode.c.h; name = BWVideoFetcher.h; path = "../Giant Bomb/BWVideoFetcher.h"; sourceTree = "<group>"; };
		DA0A719418494688004750F1 /* BWVideoFetcher.m */ = {isa = PBXFileReference; fileEncoding = 4; lastKnownFileType = sourcecode.c.objc; name = BWVideoFetcher.m; path = "../Giant Bomb/BWVideoFetcher.m"; sourceTree = "<group>"; };
		DA0A719918494F23004750F1 /* BWListControllerDelegate.h */ = {isa = PBXFileReference; lastKnownFileType = sourcecode.c.h; path = BWListControllerDelegate.h; sourceTree = "<group>"; };
		DA0A71A018497CDF004750F1 /* BWVideo.h */ = {isa = PBXFileReference; fileEncoding = 4; lastKnownFileType = sourcecode.c.h; path = BWVideo.h; sourceTree = "<group>"; };
		DA0A71A118497CDF004750F1 /* BWVideo.m */ = {isa = PBXFileReference; fileEncoding = 4; lastKnownFileType = sourcecode.c.objc; path = BWVideo.m; sourceTree = "<group>"; };
		DA2FC43617D2AEBA005E7408 /* Bomb Watch.entitlements */ = {isa = PBXFileReference; lastKnownFileType = text.xml; path = "Bomb Watch.entitlements"; sourceTree = "<group>"; };
		DA39B4B217D6A56000E7935D /* BWOpenOnGBActivity.h */ = {isa = PBXFileReference; fileEncoding = 4; lastKnownFileType = sourcecode.c.h; path = BWOpenOnGBActivity.h; sourceTree = "<group>"; };
		DA39B4B317D6A56000E7935D /* BWOpenOnGBActivity.m */ = {isa = PBXFileReference; fileEncoding = 4; lastKnownFileType = sourcecode.c.objc; path = BWOpenOnGBActivity.m; sourceTree = "<group>"; };
		DA4127F317CE28D3003C4F59 /* Security.framework */ = {isa = PBXFileReference; lastKnownFileType = wrapper.framework; name = Security.framework; path = System/Library/Frameworks/Security.framework; sourceTree = SDKROOT; };
		DA4127F817CE30BE003C4F59 /* PocketAPIActivity.h */ = {isa = PBXFileReference; fileEncoding = 4; lastKnownFileType = sourcecode.c.h; name = PocketAPIActivity.h; path = ../PocketAPIActivity.h; sourceTree = "<group>"; };
		DA4127F917CE30BE003C4F59 /* PocketAPIActivity.m */ = {isa = PBXFileReference; fileEncoding = 4; lastKnownFileType = sourcecode.c.objc; name = PocketAPIActivity.m; path = ../PocketAPIActivity.m; sourceTree = "<group>"; };
		DA41280517CE38C5003C4F59 /* Images.xcassets */ = {isa = PBXFileReference; lastKnownFileType = folder.assetcatalog; path = Images.xcassets; sourceTree = "<group>"; };
		DA68EBD817D0305300451F14 /* EVCircularProgressView.h */ = {isa = PBXFileReference; fileEncoding = 4; lastKnownFileType = sourcecode.c.h; path = EVCircularProgressView.h; sourceTree = "<group>"; };
		DA68EBD917D0305300451F14 /* EVCircularProgressView.m */ = {isa = PBXFileReference; fileEncoding = 4; lastKnownFileType = sourcecode.c.objc; path = EVCircularProgressView.m; sourceTree = "<group>"; };
		DA852995184908C40049C752 /* NSString+Extensions.h */ = {isa = PBXFileReference; fileEncoding = 4; lastKnownFileType = sourcecode.c.h; path = "NSString+Extensions.h"; sourceTree = "<group>"; };
		DA852996184908C40049C752 /* NSString+Extensions.m */ = {isa = PBXFileReference; fileEncoding = 4; lastKnownFileType = sourcecode.c.objc; path = "NSString+Extensions.m"; sourceTree = "<group>"; };
		DA852997184908C40049C752 /* UIImage+ImageEffects.h */ = {isa = PBXFileReference; fileEncoding = 4; lastKnownFileType = sourcecode.c.h; path = "UIImage+ImageEffects.h"; sourceTree = "<group>"; };
		DA852998184908C40049C752 /* UIImage+ImageEffects.m */ = {isa = PBXFileReference; fileEncoding = 4; lastKnownFileType = sourcecode.c.objc; path = "UIImage+ImageEffects.m"; sourceTree = "<group>"; };
		DA88AE7B184C061000D6E823 /* BWVideoDataStore.h */ = {isa = PBXFileReference; fileEncoding = 4; lastKnownFileType = sourcecode.c.h; path = BWVideoDataStore.h; sourceTree = "<group>"; };
		DA88AE7C184C061000D6E823 /* BWVideoDataStore.m */ = {isa = PBXFileReference; fileEncoding = 4; lastKnownFileType = sourcecode.c.objc; path = BWVideoDataStore.m; sourceTree = "<group>"; };
		DA88AE7F184D533F00D6E823 /* BWColors.h */ = {isa = PBXFileReference; fileEncoding = 4; lastKnownFileType = sourcecode.c.h; path = BWColors.h; sourceTree = "<group>"; };
		DA88AE80184D533F00D6E823 /* BWColors.m */ = {isa = PBXFileReference; fileEncoding = 4; lastKnownFileType = sourcecode.c.objc; path = BWColors.m; sourceTree = "<group>"; };
		DA88AE82184D7D6400D6E823 /* BWDownloadsViewController.h */ = {isa = PBXFileReference; fileEncoding = 4; lastKnownFileType = sourcecode.c.h; path = BWDownloadsViewController.h; sourceTree = "<group>"; };
		DA88AE83184D7D6400D6E823 /* BWDownloadsViewController.m */ = {isa = PBXFileReference; fileEncoding = 4; lastKnownFileType = sourcecode.c.objc; path = BWDownloadsViewController.m; sourceTree = "<group>"; };
		DA88AE85184D7E8600D6E823 /* BWDownload.h */ = {isa = PBXFileReference; fileEncoding = 4; lastKnownFileType = sourcecode.c.h; path = BWDownload.h; sourceTree = "<group>"; };
		DA88AE86184D7E8600D6E823 /* BWDownload.m */ = {isa = PBXFileReference; fileEncoding = 4; lastKnownFileType = sourcecode.c.objc; path = BWDownload.m; sourceTree = "<group>"; };
		DA88AE88184D821F00D6E823 /* BWVideoDownloader.h */ = {isa = PBXFileReference; fileEncoding = 4; lastKnownFileType = sourcecode.c.h; path = BWVideoDownloader.h; sourceTree = "<group>"; };
		DA88AE89184D821F00D6E823 /* BWVideoDownloader.m */ = {isa = PBXFileReference; fileEncoding = 4; lastKnownFileType = sourcecode.c.objc; path = BWVideoDownloader.m; sourceTree = "<group>"; };
		DA88AE8E184E113B00D6E823 /* BWDownloadDataStore.h */ = {isa = PBXFileReference; fileEncoding = 4; lastKnownFileType = sourcecode.c.h; path = BWDownloadDataStore.h; sourceTree = "<group>"; };
		DA88AE8F184E113B00D6E823 /* BWDownloadDataStore.m */ = {isa = PBXFileReference; fileEncoding = 4; lastKnownFileType = sourcecode.c.objc; path = BWDownloadDataStore.m; sourceTree = "<group>"; };
		DAAFC2AF17DB8B1B0095E494 /* BWVideoPlayerViewController.h */ = {isa = PBXFileReference; fileEncoding = 4; lastKnownFileType = sourcecode.c.h; name = BWVideoPlayerViewController.h; path = ../BWVideoPlayerViewController.h; sourceTree = "<group>"; };
		DAAFC2B017DB8B1B0095E494 /* BWVideoPlayerViewController.m */ = {isa = PBXFileReference; fileEncoding = 4; lastKnownFileType = sourcecode.c.objc; name = BWVideoPlayerViewController.m; path = ../BWVideoPlayerViewController.m; sourceTree = "<group>"; };
		DAAFF7571850184D003922EF /* BWSettings.h */ = {isa = PBXFileReference; fileEncoding = 4; lastKnownFileType = sourcecode.c.h; path = BWSettings.h; sourceTree = "<group>"; };
		DAAFF7581850184D003922EF /* BWSettings.m */ = {isa = PBXFileReference; fileEncoding = 4; lastKnownFileType = sourcecode.c.objc; path = BWSettings.m; sourceTree = "<group>"; };
		DACE826117CD035700E23051 /* Bomb Watch.app */ = {isa = PBXFileReference; explicitFileType = wrapper.application; includeInIndex = 0; path = "Bomb Watch.app"; sourceTree = BUILT_PRODUCTS_DIR; };
		DACE826417CD035700E23051 /* Foundation.framework */ = {isa = PBXFileReference; lastKnownFileType = wrapper.framework; name = Foundation.framework; path = System/Library/Frameworks/Foundation.framework; sourceTree = SDKROOT; };
		DACE826617CD035700E23051 /* CoreGraphics.framework */ = {isa = PBXFileReference; lastKnownFileType = wrapper.framework; name = CoreGraphics.framework; path = System/Library/Frameworks/CoreGraphics.framework; sourceTree = SDKROOT; };
		DACE826817CD035700E23051 /* UIKit.framework */ = {isa = PBXFileReference; lastKnownFileType = wrapper.framework; name = UIKit.framework; path = System/Library/Frameworks/UIKit.framework; sourceTree = SDKROOT; };
		DACE826C17CD035700E23051 /* Bomb Watch-Info.plist */ = {isa = PBXFileReference; lastKnownFileType = text.plist.xml; path = "Bomb Watch-Info.plist"; sourceTree = "<group>"; };
		DACE826E17CD035800E23051 /* en */ = {isa = PBXFileReference; lastKnownFileType = text.plist.strings; name = en; path = en.lproj/InfoPlist.strings; sourceTree = "<group>"; };
		DACE827017CD035800E23051 /* main.m */ = {isa = PBXFileReference; lastKnownFileType = sourcecode.c.objc; path = main.m; sourceTree = "<group>"; };
		DACE827217CD035800E23051 /* Bomb Watch-Prefix.pch */ = {isa = PBXFileReference; lastKnownFileType = sourcecode.c.h; path = "Bomb Watch-Prefix.pch"; sourceTree = "<group>"; };
		DACE827317CD035800E23051 /* BWAppDelegate.h */ = {isa = PBXFileReference; lastKnownFileType = sourcecode.c.h; path = BWAppDelegate.h; sourceTree = "<group>"; };
		DACE827417CD035800E23051 /* BWAppDelegate.m */ = {isa = PBXFileReference; lastKnownFileType = sourcecode.c.objc; path = BWAppDelegate.m; sourceTree = "<group>"; };
		DACE827717CD035800E23051 /* Base */ = {isa = PBXFileReference; lastKnownFileType = file.storyboard; name = Base; path = Base.lproj/Main_iPhone.storyboard; sourceTree = "<group>"; };
		DACE828817CD035800E23051 /* Bomb WatchTests.xctest */ = {isa = PBXFileReference; explicitFileType = wrapper.cfbundle; includeInIndex = 0; path = "Bomb WatchTests.xctest"; sourceTree = BUILT_PRODUCTS_DIR; };
		DACE828917CD035800E23051 /* XCTest.framework */ = {isa = PBXFileReference; lastKnownFileType = wrapper.framework; name = XCTest.framework; path = Library/Frameworks/XCTest.framework; sourceTree = DEVELOPER_DIR; };
		DACE829117CD035800E23051 /* Bomb WatchTests-Info.plist */ = {isa = PBXFileReference; lastKnownFileType = text.plist.xml; path = "Bomb WatchTests-Info.plist"; sourceTree = "<group>"; };
		DACE829317CD035800E23051 /* en */ = {isa = PBXFileReference; lastKnownFileType = text.plist.strings; name = en; path = en.lproj/InfoPlist.strings; sourceTree = "<group>"; };
		DACE829517CD035800E23051 /* Bomb_WatchTests.m */ = {isa = PBXFileReference; lastKnownFileType = sourcecode.c.objc; path = Bomb_WatchTests.m; sourceTree = "<group>"; };
		DACE82A217CD052300E23051 /* GiantBombAPIClient.h */ = {isa = PBXFileReference; fileEncoding = 4; lastKnownFileType = sourcecode.c.h; path = GiantBombAPIClient.h; sourceTree = "<group>"; };
		DACE82A317CD052300E23051 /* GiantBombAPIClient.m */ = {isa = PBXFileReference; fileEncoding = 4; lastKnownFileType = sourcecode.c.objc; path = GiantBombAPIClient.m; sourceTree = "<group>"; };
/* End PBXFileReference section */

/* Begin PBXFrameworksBuildPhase section */
		DACE825E17CD035700E23051 /* Frameworks */ = {
			isa = PBXFrameworksBuildPhase;
			buildActionMask = 2147483647;
			files = (
				DA4127F417CE28D3003C4F59 /* Security.framework in Frameworks */,
				DACE826717CD035700E23051 /* CoreGraphics.framework in Frameworks */,
				DACE826917CD035700E23051 /* UIKit.framework in Frameworks */,
				DACE826517CD035700E23051 /* Foundation.framework in Frameworks */,
				4E21EDCE00254B9EA7AE7D38 /* libPods.a in Frameworks */,
			);
			runOnlyForDeploymentPostprocessing = 0;
		};
		DACE828517CD035800E23051 /* Frameworks */ = {
			isa = PBXFrameworksBuildPhase;
			buildActionMask = 2147483647;
			files = (
				DACE828A17CD035800E23051 /* XCTest.framework in Frameworks */,
				DACE828C17CD035800E23051 /* UIKit.framework in Frameworks */,
				DACE828B17CD035800E23051 /* Foundation.framework in Frameworks */,
			);
			runOnlyForDeploymentPostprocessing = 0;
		};
/* End PBXFrameworksBuildPhase section */

/* Begin PBXGroup section */
		DA01E18E184AB98B008B139F /* API */ = {
			isa = PBXGroup;
			children = (
				DA01E18F184AB9AA008B139F /* BWPushNotificationClient.h */,
				DA01E190184AB9AA008B139F /* BWPushNotificationClient.m */,
			);
			path = API;
			sourceTree = "<group>";
		};
		DA0A718818491898004750F1 /* Settings */ = {
			isa = PBXGroup;
			children = (
				DA01E17C184A71CC008B139F /* BWAboutViewController.h */,
				DA01E17D184A71CC008B139F /* BWAboutViewController.m */,
				DA01E17E184A71CC008B139F /* BWLinkAccountViewController.h */,
				DA01E17F184A71CC008B139F /* BWLinkAccountViewController.m */,
				DA01E180184A71CC008B139F /* BWSettingsViewController.h */,
				DA01E181184A71CC008B139F /* BWSettingsViewController.m */,
			);
			path = Settings;
			sourceTree = "<group>";
		};
		DA0A718918491982004750F1 /* Detail */ = {
			isa = PBXGroup;
			children = (
				DA01E18B184A71EB008B139F /* BWVideoDetailViewController.h */,
				DA01E18C184A71EB008B139F /* BWVideoDetailViewController.m */,
			);
			path = Detail;
			sourceTree = "<group>";
		};
		DA0A718A1849198A004750F1 /* List */ = {
			isa = PBXGroup;
			children = (
				DA01E188184A71E3008B139F /* BWCategoriesViewController.h */,
				DA01E189184A71E3008B139F /* BWCategoriesViewController.m */,
				DA0A718B184919FC004750F1 /* BWListViewController.h */,
				DA0A718C184919FC004750F1 /* BWListViewController.m */,
				DA01E179184A5E59008B139F /* BWFavoritesViewController.h */,
				DA01E17A184A5E59008B139F /* BWFavoritesViewController.m */,
				DA88AE82184D7D6400D6E823 /* BWDownloadsViewController.h */,
				DA88AE83184D7D6400D6E823 /* BWDownloadsViewController.m */,
			);
			path = List;
			sourceTree = "<group>";
		};
		DA0A718E18493057004750F1 /* Controllers */ = {
			isa = PBXGroup;
			children = (
				DA0A718F184930BD004750F1 /* BWListController.h */,
				DA0A7190184930BD004750F1 /* BWListController.m */,
				DA0A719918494F23004750F1 /* BWListControllerDelegate.h */,
			);
			path = Controllers;
			sourceTree = "<group>";
		};
		DA39B4AE17D6A2A800E7935D /* Generic */ = {
			isa = PBXGroup;
			children = (
				DA01E185184A71D7008B139F /* BWTableViewController.h */,
				DA01E186184A71D7008B139F /* BWTableViewController.m */,
			);
			path = Generic;
			sourceTree = "<group>";
		};
		DA68EBD617D02F9100451F14 /* Views */ = {
			isa = PBXGroup;
			children = (
				DA68EBD817D0305300451F14 /* EVCircularProgressView.h */,
				DA68EBD917D0305300451F14 /* EVCircularProgressView.m */,
				DA0A718518490BC4004750F1 /* BWImagePulldownView.h */,
				DA0A718618490BC4004750F1 /* BWImagePulldownView.m */,
				DA01E173184A1CC5008B139F /* BWFavoriteView.h */,
				DA01E174184A1CC5008B139F /* BWFavoriteView.m */,
				DA01E176184A3516008B139F /* BWVideoTableViewCell.h */,
				DA01E177184A3516008B139F /* BWVideoTableViewCell.m */,
				DA01E195184BA03A008B139F /* BWGenericTableViewCell.h */,
				DA01E196184BA03A008B139F /* BWGenericTableViewCell.m */,
			);
			path = Views;
			sourceTree = "<group>";
		};
		DA68EBD717D02F9F00451F14 /* Activities */ = {
			isa = PBXGroup;
			children = (
				DA4127F817CE30BE003C4F59 /* PocketAPIActivity.h */,
				DA4127F917CE30BE003C4F59 /* PocketAPIActivity.m */,
				DA39B4B217D6A56000E7935D /* BWOpenOnGBActivity.h */,
				DA39B4B317D6A56000E7935D /* BWOpenOnGBActivity.m */,
			);
			path = Activities;
			sourceTree = "<group>";
		};
		DA73CCA617CD15BC00976570 /* View Controllers */ = {
			isa = PBXGroup;
			children = (
				DA9F1BFB1853BAFD00AA5D7F /* Player */,
				DA0A718A1849198A004750F1 /* List */,
				DA0A718918491982004750F1 /* Detail */,
				DA0A718818491898004750F1 /* Settings */,
				DA39B4AE17D6A2A800E7935D /* Generic */,
			);
			path = "View Controllers";
			sourceTree = "<group>";
		};
		DA852994184908A60049C752 /* Extensions */ = {
			isa = PBXGroup;
			children = (
				DA852995184908C40049C752 /* NSString+Extensions.h */,
				DA852996184908C40049C752 /* NSString+Extensions.m */,
				DA852997184908C40049C752 /* UIImage+ImageEffects.h */,
				DA852998184908C40049C752 /* UIImage+ImageEffects.m */,
			);
			name = Extensions;
			sourceTree = "<group>";
		};
		DA9F1BFB1853BAFD00AA5D7F /* Player */ = {
			isa = PBXGroup;
			children = (
				DAAFC2AF17DB8B1B0095E494 /* BWVideoPlayerViewController.h */,
				DAAFC2B017DB8B1B0095E494 /* BWVideoPlayerViewController.m */,
			);
			path = Player;
			sourceTree = "<group>";
		};
		DACE825817CD035700E23051 = {
			isa = PBXGroup;
			children = (
				DACE826A17CD035700E23051 /* Bomb Watch */,
				DACE828F17CD035800E23051 /* Bomb WatchTests */,
				DACE826317CD035700E23051 /* Frameworks */,
				DACE826217CD035700E23051 /* Products */,
				4D03B65A058C4AD9BB095CF3 /* Pods.xcconfig */,
			);
			sourceTree = "<group>";
		};
		DACE826217CD035700E23051 /* Products */ = {
			isa = PBXGroup;
			children = (
				DACE826117CD035700E23051 /* Bomb Watch.app */,
				DACE828817CD035800E23051 /* Bomb WatchTests.xctest */,
			);
			name = Products;
			sourceTree = "<group>";
		};
		DACE826317CD035700E23051 /* Frameworks */ = {
			isa = PBXGroup;
			children = (
				DA4127F317CE28D3003C4F59 /* Security.framework */,
				DACE826417CD035700E23051 /* Foundation.framework */,
				DACE826617CD035700E23051 /* CoreGraphics.framework */,
				DACE826817CD035700E23051 /* UIKit.framework */,
				DACE828917CD035800E23051 /* XCTest.framework */,
				40FCD5D8F7DD4243AC1A2E48 /* libPods.a */,
			);
			name = Frameworks;
			sourceTree = "<group>";
		};
		DACE826A17CD035700E23051 /* Bomb Watch */ = {
			isa = PBXGroup;
			children = (
				DA2FC43617D2AEBA005E7408 /* Bomb Watch.entitlements */,
				DACE827317CD035800E23051 /* BWAppDelegate.h */,
				DACE827417CD035800E23051 /* BWAppDelegate.m */,
				DACE827617CD035800E23051 /* Main_iPhone.storyboard */,
				DA41280517CE38C5003C4F59 /* Images.xcassets */,
				DA68EBD717D02F9F00451F14 /* Activities */,
				DA01E18E184AB98B008B139F /* API */,
				DA0A718E18493057004750F1 /* Controllers */,
				DA852994184908A60049C752 /* Extensions */,
				DADDA78317D193E70076D2EA /* Model */,
				DACE829F17CD04D100E23051 /* Giant Bomb */,
				DA68EBD617D02F9100451F14 /* Views */,
				DA73CCA617CD15BC00976570 /* View Controllers */,
				DACE826B17CD035700E23051 /* Supporting Files */,
			);
			path = "Bomb Watch";
			sourceTree = "<group>";
		};
		DACE826B17CD035700E23051 /* Supporting Files */ = {
			isa = PBXGroup;
			children = (
				DACE826C17CD035700E23051 /* Bomb Watch-Info.plist */,
				DACE826D17CD035800E23051 /* InfoPlist.strings */,
				DACE827017CD035800E23051 /* main.m */,
				DACE827217CD035800E23051 /* Bomb Watch-Prefix.pch */,
			);
			name = "Supporting Files";
			sourceTree = "<group>";
		};
		DACE828F17CD035800E23051 /* Bomb WatchTests */ = {
			isa = PBXGroup;
			children = (
				DACE829517CD035800E23051 /* Bomb_WatchTests.m */,
				DACE829017CD035800E23051 /* Supporting Files */,
			);
			path = "Bomb WatchTests";
			sourceTree = "<group>";
		};
		DACE829017CD035800E23051 /* Supporting Files */ = {
			isa = PBXGroup;
			children = (
				DACE829117CD035800E23051 /* Bomb WatchTests-Info.plist */,
				DACE829217CD035800E23051 /* InfoPlist.strings */,
			);
			name = "Supporting Files";
			sourceTree = "<group>";
		};
		DACE829F17CD04D100E23051 /* Giant Bomb */ = {
			isa = PBXGroup;
			children = (
				DACE82A217CD052300E23051 /* GiantBombAPIClient.h */,
				DACE82A317CD052300E23051 /* GiantBombAPIClient.m */,
			);
			path = "Giant Bomb";
			sourceTree = "<group>";
		};
		DADDA78317D193E70076D2EA /* Model */ = {
			isa = PBXGroup;
			children = (
				DA88AE7F184D533F00D6E823 /* BWColors.h */,
				DA88AE80184D533F00D6E823 /* BWColors.m */,
				DA0A71A018497CDF004750F1 /* BWVideo.h */,
				DA0A71A118497CDF004750F1 /* BWVideo.m */,
				DA88AE7B184C061000D6E823 /* BWVideoDataStore.h */,
				DA88AE7C184C061000D6E823 /* BWVideoDataStore.m */,
				DA0A719318494688004750F1 /* BWVideoFetcher.h */,
				DA0A719418494688004750F1 /* BWVideoFetcher.m */,
				DA88AE85184D7E8600D6E823 /* BWDownload.h */,
				DA88AE86184D7E8600D6E823 /* BWDownload.m */,
				DA88AE88184D821F00D6E823 /* BWVideoDownloader.h */,
				DA88AE89184D821F00D6E823 /* BWVideoDownloader.m */,
				DA88AE8E184E113B00D6E823 /* BWDownloadDataStore.h */,
				DA88AE8F184E113B00D6E823 /* BWDownloadDataStore.m */,
				DAAFF7571850184D003922EF /* BWSettings.h */,
				DAAFF7581850184D003922EF /* BWSettings.m */,
			);
			path = Model;
			sourceTree = "<group>";
		};
/* End PBXGroup section */

/* Begin PBXNativeTarget section */
		DACE826017CD035700E23051 /* Bomb Watch */ = {
			isa = PBXNativeTarget;
			buildConfigurationList = DACE829917CD035800E23051 /* Build configuration list for PBXNativeTarget "Bomb Watch" */;
			buildPhases = (
				2C5BE45529A04AC2B5B5DDCA /* Check Pods Manifest.lock */,
				DACE825D17CD035700E23051 /* Sources */,
				DACE825E17CD035700E23051 /* Frameworks */,
				DACE825F17CD035700E23051 /* Resources */,
				3BC404BB42544193855FB24F /* Copy Pods Resources */,
			);
			buildRules = (
			);
			dependencies = (
			);
			name = "Bomb Watch";
			productName = "Bomb Watch";
			productReference = DACE826117CD035700E23051 /* Bomb Watch.app */;
			productType = "com.apple.product-type.application";
		};
		DACE828717CD035800E23051 /* Bomb WatchTests */ = {
			isa = PBXNativeTarget;
			buildConfigurationList = DACE829C17CD035800E23051 /* Build configuration list for PBXNativeTarget "Bomb WatchTests" */;
			buildPhases = (
				DACE828417CD035800E23051 /* Sources */,
				DACE828517CD035800E23051 /* Frameworks */,
				DACE828617CD035800E23051 /* Resources */,
			);
			buildRules = (
			);
			dependencies = (
				DACE828E17CD035800E23051 /* PBXTargetDependency */,
			);
			name = "Bomb WatchTests";
			productName = "Bomb WatchTests";
			productReference = DACE828817CD035800E23051 /* Bomb WatchTests.xctest */;
			productType = "com.apple.product-type.bundle.unit-test";
		};
/* End PBXNativeTarget section */

/* Begin PBXProject section */
		DACE825917CD035700E23051 /* Project object */ = {
			isa = PBXProject;
			attributes = {
				CLASSPREFIX = BW;
				LastUpgradeCheck = 0500;
				ORGANIZATIONNAME = "Laika Cosmonautics";
				TargetAttributes = {
					DACE826017CD035700E23051 = {
						DevelopmentTeam = 7KGB78B22T;
						SystemCapabilities = {
							com.apple.iCloud = {
								enabled = 1;
							};
						};
					};
					DACE828717CD035800E23051 = {
						TestTargetID = DACE826017CD035700E23051;
					};
				};
			};
			buildConfigurationList = DACE825C17CD035700E23051 /* Build configuration list for PBXProject "Bomb Watch" */;
			compatibilityVersion = "Xcode 3.2";
			developmentRegion = English;
			hasScannedForEncodings = 0;
			knownRegions = (
				en,
				Base,
			);
			mainGroup = DACE825817CD035700E23051;
			productRefGroup = DACE826217CD035700E23051 /* Products */;
			projectDirPath = "";
			projectRoot = "";
			targets = (
				DACE826017CD035700E23051 /* Bomb Watch */,
				DACE828717CD035800E23051 /* Bomb WatchTests */,
			);
		};
/* End PBXProject section */

/* Begin PBXResourcesBuildPhase section */
		DACE825F17CD035700E23051 /* Resources */ = {
			isa = PBXResourcesBuildPhase;
			buildActionMask = 2147483647;
			files = (
				DA41280617CE38C5003C4F59 /* Images.xcassets in Resources */,
				DACE827817CD035800E23051 /* Main_iPhone.storyboard in Resources */,
				DACE826F17CD035800E23051 /* InfoPlist.strings in Resources */,
			);
			runOnlyForDeploymentPostprocessing = 0;
		};
		DACE828617CD035800E23051 /* Resources */ = {
			isa = PBXResourcesBuildPhase;
			buildActionMask = 2147483647;
			files = (
				DACE829417CD035800E23051 /* InfoPlist.strings in Resources */,
			);
			runOnlyForDeploymentPostprocessing = 0;
		};
/* End PBXResourcesBuildPhase section */

/* Begin PBXShellScriptBuildPhase section */
		2C5BE45529A04AC2B5B5DDCA /* Check Pods Manifest.lock */ = {
			isa = PBXShellScriptBuildPhase;
			buildActionMask = 2147483647;
			files = (
			);
			inputPaths = (
			);
			name = "Check Pods Manifest.lock";
			outputPaths = (
			);
			runOnlyForDeploymentPostprocessing = 0;
			shellPath = /bin/sh;
			shellScript = "diff \"${PODS_ROOT}/../Podfile.lock\" \"${PODS_ROOT}/Manifest.lock\" > /dev/null\nif [[ $? != 0 ]] ; then\n    cat << EOM\nerror: The sandbox is not in sync with the Podfile.lock. Run 'pod install' or update your CocoaPods installation.\nEOM\n    exit 1\nfi\n";
			showEnvVarsInLog = 0;
		};
		3BC404BB42544193855FB24F /* Copy Pods Resources */ = {
			isa = PBXShellScriptBuildPhase;
			buildActionMask = 2147483647;
			files = (
			);
			inputPaths = (
			);
			name = "Copy Pods Resources";
			outputPaths = (
			);
			runOnlyForDeploymentPostprocessing = 0;
			shellPath = /bin/sh;
			shellScript = "\"${SRCROOT}/Pods/Pods-resources.sh\"\n";
			showEnvVarsInLog = 0;
		};
/* End PBXShellScriptBuildPhase section */

/* Begin PBXSourcesBuildPhase section */
		DACE825D17CD035700E23051 /* Sources */ = {
			isa = PBXSourcesBuildPhase;
			buildActionMask = 2147483647;
			files = (
				DA01E18A184A71E3008B139F /* BWCategoriesViewController.m in Sources */,
				DA0A7191184930BD004750F1 /* BWListController.m in Sources */,
				DA852999184908C40049C752 /* NSString+Extensions.m in Sources */,
				DAAFC2B117DB8B1B0095E494 /* BWVideoPlayerViewController.m in Sources */,
				DA85299A184908C40049C752 /* UIImage+ImageEffects.m in Sources */,
				DA0A718D184919FC004750F1 /* BWListViewController.m in Sources */,
				DA01E17B184A5E59008B139F /* BWFavoritesViewController.m in Sources */,
				DA01E18D184A71EB008B139F /* BWVideoDetailViewController.m in Sources */,
				DA01E182184A71CC008B139F /* BWAboutViewController.m in Sources */,
				DA0A71A218497CDF004750F1 /* BWVideo.m in Sources */,
				DA88AE81184D533F00D6E823 /* BWColors.m in Sources */,
				DA0A718718490BC4004750F1 /* BWImagePulldownView.m in Sources */,
				DA01E187184A71D7008B139F /* BWTableViewController.m in Sources */,
				DA88AE87184D7E8600D6E823 /* BWDownload.m in Sources */,
				DA88AE7D184C061000D6E823 /* BWVideoDataStore.m in Sources */,
				DA01E183184A71CC008B139F /* BWLinkAccountViewController.m in Sources */,
				DA01E184184A71CC008B139F /* BWSettingsViewController.m in Sources */,
				DAAFF7591850184D003922EF /* BWSettings.m in Sources */,
				DA01E178184A3516008B139F /* BWVideoTableViewCell.m in Sources */,
				DA01E175184A1CC5008B139F /* BWFavoriteView.m in Sources */,
				DA39B4B417D6A56000E7935D /* BWOpenOnGBActivity.m in Sources */,
				DA88AE90184E113B00D6E823 /* BWDownloadDataStore.m in Sources */,
				DA0A719518494688004750F1 /* BWVideoFetcher.m in Sources */,
				DA4127FA17CE30BE003C4F59 /* PocketAPIActivity.m in Sources */,
				DA88AE84184D7D6400D6E823 /* BWDownloadsViewController.m in Sources */,
				DACE827117CD035800E23051 /* main.m in Sources */,
				DA01E197184BA03A008B139F /* BWGenericTableViewCell.m in Sources */,
				DA88AE8A184D821F00D6E823 /* BWVideoDownloader.m in Sources */,
				DA01E191184AB9AA008B139F /* BWPushNotificationClient.m in Sources */,
				DA68EBDA17D0305300451F14 /* EVCircularProgressView.m in Sources */,
				DACE827517CD035800E23051 /* BWAppDelegate.m in Sources */,
				DACE82A517CD052300E23051 /* GiantBombAPIClient.m in Sources */,
			);
			runOnlyForDeploymentPostprocessing = 0;
		};
		DACE828417CD035800E23051 /* Sources */ = {
			isa = PBXSourcesBuildPhase;
			buildActionMask = 2147483647;
			files = (
				DACE829617CD035800E23051 /* Bomb_WatchTests.m in Sources */,
			);
			runOnlyForDeploymentPostprocessing = 0;
		};
/* End PBXSourcesBuildPhase section */

/* Begin PBXTargetDependency section */
		DACE828E17CD035800E23051 /* PBXTargetDependency */ = {
			isa = PBXTargetDependency;
			target = DACE826017CD035700E23051 /* Bomb Watch */;
			targetProxy = DACE828D17CD035800E23051 /* PBXContainerItemProxy */;
		};
/* End PBXTargetDependency section */

/* Begin PBXVariantGroup section */
		DACE826D17CD035800E23051 /* InfoPlist.strings */ = {
			isa = PBXVariantGroup;
			children = (
				DACE826E17CD035800E23051 /* en */,
			);
			name = InfoPlist.strings;
			sourceTree = "<group>";
		};
		DACE827617CD035800E23051 /* Main_iPhone.storyboard */ = {
			isa = PBXVariantGroup;
			children = (
				DACE827717CD035800E23051 /* Base */,
			);
			name = Main_iPhone.storyboard;
			sourceTree = "<group>";
		};
		DACE829217CD035800E23051 /* InfoPlist.strings */ = {
			isa = PBXVariantGroup;
			children = (
				DACE829317CD035800E23051 /* en */,
			);
			name = InfoPlist.strings;
			sourceTree = "<group>";
		};
/* End PBXVariantGroup section */

/* Begin XCBuildConfiguration section */
		DACE829717CD035800E23051 /* Debug */ = {
			isa = XCBuildConfiguration;
			buildSettings = {
				ALWAYS_SEARCH_USER_PATHS = NO;
				CLANG_CXX_LANGUAGE_STANDARD = "gnu++0x";
				CLANG_CXX_LIBRARY = "libc++";
				CLANG_ENABLE_MODULES = YES;
				CLANG_ENABLE_OBJC_ARC = YES;
				CLANG_WARN_BOOL_CONVERSION = YES;
				CLANG_WARN_CONSTANT_CONVERSION = YES;
				CLANG_WARN_DIRECT_OBJC_ISA_USAGE = YES_ERROR;
				CLANG_WARN_EMPTY_BODY = YES;
				CLANG_WARN_ENUM_CONVERSION = YES;
				CLANG_WARN_INT_CONVERSION = YES;
				CLANG_WARN_OBJC_ROOT_CLASS = YES_ERROR;
				CLANG_WARN__DUPLICATE_METHOD_MATCH = YES;
				"CODE_SIGN_IDENTITY[sdk=iphoneos*]" = "iPhone Developer";
				COPY_PHASE_STRIP = NO;
				GCC_C_LANGUAGE_STANDARD = gnu99;
				GCC_DYNAMIC_NO_PIC = NO;
				GCC_OPTIMIZATION_LEVEL = 0;
				GCC_PREPROCESSOR_DEFINITIONS = (
					"DEBUG=1",
					"$(inherited)",
				);
				GCC_SYMBOLS_PRIVATE_EXTERN = NO;
				GCC_WARN_ABOUT_RETURN_TYPE = YES_ERROR;
				GCC_WARN_UNDECLARED_SELECTOR = YES;
				GCC_WARN_UNINITIALIZED_AUTOS = YES;
				GCC_WARN_UNUSED_FUNCTION = YES;
				GCC_WARN_UNUSED_VARIABLE = YES;
				IPHONEOS_DEPLOYMENT_TARGET = 7.0;
				ONLY_ACTIVE_ARCH = YES;
				SDKROOT = iphoneos;
				TARGETED_DEVICE_FAMILY = "1,2";
			};
			name = Debug;
		};
		DACE829817CD035800E23051 /* Release */ = {
			isa = XCBuildConfiguration;
			buildSettings = {
				ALWAYS_SEARCH_USER_PATHS = NO;
				CLANG_CXX_LANGUAGE_STANDARD = "gnu++0x";
				CLANG_CXX_LIBRARY = "libc++";
				CLANG_ENABLE_MODULES = YES;
				CLANG_ENABLE_OBJC_ARC = YES;
				CLANG_WARN_BOOL_CONVERSION = YES;
				CLANG_WARN_CONSTANT_CONVERSION = YES;
				CLANG_WARN_DIRECT_OBJC_ISA_USAGE = YES_ERROR;
				CLANG_WARN_EMPTY_BODY = YES;
				CLANG_WARN_ENUM_CONVERSION = YES;
				CLANG_WARN_INT_CONVERSION = YES;
				CLANG_WARN_OBJC_ROOT_CLASS = YES_ERROR;
				CLANG_WARN__DUPLICATE_METHOD_MATCH = YES;
				"CODE_SIGN_IDENTITY[sdk=iphoneos*]" = "iPhone Developer";
				COPY_PHASE_STRIP = YES;
				ENABLE_NS_ASSERTIONS = NO;
				GCC_C_LANGUAGE_STANDARD = gnu99;
				GCC_WARN_ABOUT_RETURN_TYPE = YES_ERROR;
				GCC_WARN_UNDECLARED_SELECTOR = YES;
				GCC_WARN_UNINITIALIZED_AUTOS = YES;
				GCC_WARN_UNUSED_FUNCTION = YES;
				GCC_WARN_UNUSED_VARIABLE = YES;
				IPHONEOS_DEPLOYMENT_TARGET = 7.0;
				SDKROOT = iphoneos;
				TARGETED_DEVICE_FAMILY = "1,2";
				VALIDATE_PRODUCT = YES;
			};
			name = Release;
		};
		DACE829A17CD035800E23051 /* Debug */ = {
			isa = XCBuildConfiguration;
			baseConfigurationReference = 4D03B65A058C4AD9BB095CF3 /* Pods.xcconfig */;
			buildSettings = {
				ASSETCATALOG_COMPILER_APPICON_NAME = AppIcon;
				ASSETCATALOG_COMPILER_LAUNCHIMAGE_NAME = LaunchImage;
				CODE_SIGN_ENTITLEMENTS = "Bomb Watch/Bomb Watch.entitlements";
				CODE_SIGN_IDENTITY = "iPhone Developer";
				"CODE_SIGN_IDENTITY[sdk=iphoneos*]" = "iPhone Developer";
				GCC_PRECOMPILE_PREFIX_HEADER = YES;
				GCC_PREFIX_HEADER = "Bomb Watch/Bomb Watch-Prefix.pch";
				INFOPLIST_FILE = "Bomb Watch/Bomb Watch-Info.plist";
				PRODUCT_NAME = "$(TARGET_NAME)";
				PROVISIONING_PROFILE = "";
				TARGETED_DEVICE_FAMILY = 1;
				WRAPPER_EXTENSION = app;
			};
			name = Debug;
		};
		DACE829B17CD035800E23051 /* Release */ = {
			isa = XCBuildConfiguration;
			baseConfigurationReference = 4D03B65A058C4AD9BB095CF3 /* Pods.xcconfig */;
			buildSettings = {
				ASSETCATALOG_COMPILER_APPICON_NAME = AppIcon;
				ASSETCATALOG_COMPILER_LAUNCHIMAGE_NAME = LaunchImage;
				CODE_SIGN_ENTITLEMENTS = "Bomb Watch/Bomb Watch.entitlements";
				CODE_SIGN_IDENTITY = "iPhone Developer";
				"CODE_SIGN_IDENTITY[sdk=iphoneos*]" = "iPhone Developer";
				GCC_PRECOMPILE_PREFIX_HEADER = YES;
				GCC_PREFIX_HEADER = "Bomb Watch/Bomb Watch-Prefix.pch";
				INFOPLIST_FILE = "Bomb Watch/Bomb Watch-Info.plist";
				PRODUCT_NAME = "$(TARGET_NAME)";
				PROVISIONING_PROFILE = "";
				TARGETED_DEVICE_FAMILY = 1;
				WRAPPER_EXTENSION = app;
			};
			name = Release;
		};
		DACE829D17CD035800E23051 /* Debug */ = {
			isa = XCBuildConfiguration;
			buildSettings = {
				BUNDLE_LOADER = "$(BUILT_PRODUCTS_DIR)/Bomb Watch.app/Bomb Watch";
				FRAMEWORK_SEARCH_PATHS = (
					"$(SDKROOT)/Developer/Library/Frameworks",
					"$(inherited)",
					"$(DEVELOPER_FRAMEWORKS_DIR)",
				);
				GCC_PRECOMPILE_PREFIX_HEADER = YES;
				GCC_PREFIX_HEADER = "Bomb Watch/Bomb Watch-Prefix.pch";
				GCC_PREPROCESSOR_DEFINITIONS = (
					"DEBUG=1",
					"$(inherited)",
				);
				INFOPLIST_FILE = "Bomb WatchTests/Bomb WatchTests-Info.plist";
				PRODUCT_NAME = "$(TARGET_NAME)";
				TEST_HOST = "$(BUNDLE_LOADER)";
				WRAPPER_EXTENSION = xctest;
			};
			name = Debug;
		};
		DACE829E17CD035800E23051 /* Release */ = {
			isa = XCBuildConfiguration;
			buildSettings = {
				BUNDLE_LOADER = "$(BUILT_PRODUCTS_DIR)/Bomb Watch.app/Bomb Watch";
				FRAMEWORK_SEARCH_PATHS = (
					"$(SDKROOT)/Developer/Library/Frameworks",
					"$(inherited)",
					"$(DEVELOPER_FRAMEWORKS_DIR)",
				);
				GCC_PRECOMPILE_PREFIX_HEADER = YES;
				GCC_PREFIX_HEADER = "Bomb Watch/Bomb Watch-Prefix.pch";
				INFOPLIST_FILE = "Bomb WatchTests/Bomb WatchTests-Info.plist";
				PRODUCT_NAME = "$(TARGET_NAME)";
				TEST_HOST = "$(BUNDLE_LOADER)";
				WRAPPER_EXTENSION = xctest;
			};
			name = Release;
		};
/* End XCBuildConfiguration section */

/* Begin XCConfigurationList section */
		DACE825C17CD035700E23051 /* Build configuration list for PBXProject "Bomb Watch" */ = {
			isa = XCConfigurationList;
			buildConfigurations = (
				DACE829717CD035800E23051 /* Debug */,
				DACE829817CD035800E23051 /* Release */,
			);
			defaultConfigurationIsVisible = 0;
			defaultConfigurationName = Release;
		};
		DACE829917CD035800E23051 /* Build configuration list for PBXNativeTarget "Bomb Watch" */ = {
			isa = XCConfigurationList;
			buildConfigurations = (
				DACE829A17CD035800E23051 /* Debug */,
				DACE829B17CD035800E23051 /* Release */,
			);
			defaultConfigurationIsVisible = 0;
			defaultConfigurationName = Release;
		};
		DACE829C17CD035800E23051 /* Build configuration list for PBXNativeTarget "Bomb WatchTests" */ = {
			isa = XCConfigurationList;
			buildConfigurations = (
				DACE829D17CD035800E23051 /* Debug */,
				DACE829E17CD035800E23051 /* Release */,
			);
			defaultConfigurationIsVisible = 0;
			defaultConfigurationName = Release;
		};
/* End XCConfigurationList section */
	};
	rootObject = DACE825917CD035700E23051 /* Project object */;
}
